{
  "name": "satoridrop-backend",
  "version": "0.1.0",
  "lockfileVersion": 1,
  "requires": true,
  "dependencies": {
    "@prisma/client": {
      "version": "4.12.0",
      "resolved": "https://registry.npmjs.org/@prisma/client/-/client-4.12.0.tgz",
      "integrity": "sha512-j9/ighfWwux97J2dS15nqhl60tYoH8V0IuSsgZDb6bCFcQD3fXbXmxjYC8GHhIgOk3lB7Pq+8CwElz2MiDpsSg==",
      "requires": {
        "@prisma/engines-version": "4.12.0-67.659ef412370fa3b41cd7bf6e94587c1dfb7f67e7"
      }
    },
    "@prisma/engines-version": {
      "version": "4.12.0-67.659ef412370fa3b41cd7bf6e94587c1dfb7f67e7",
      "resolved": "https://registry.npmjs.org/@prisma/engines-version/-/engines-version-4.12.0-67.659ef412370fa3b41cd7bf6e94587c1dfb7f67e7.tgz",
      "integrity": "sha512-JIHNj5jlXb9mcaJwakM0vpgRYJIAurxTUqM0iX0tfEQA5XLZ9ONkIckkhuAKdAzocZ+80GYg7QSsfpjg7OxbOA=="
    }
  }
}
